
Microsoft Visual Studio Solution File, Format Version 12.00
# Visual Studio Version 16
VisualStudioVersion = 16.0.810.21
MinimumVisualStudioVersion = 10.0.40219.1
Project("{FAE04EC0-301F-11D3-BF4B-00C04F79EFBC}") = "InheritanceDemo", "InheritanceDemo\InheritanceDemo.csproj", "{A2794B30-62D2-4AB3-B0E3-F9C94CD6A38D}"
EndProject
Global
	GlobalSection(SolutionConfigurationPlatforms) = preSolution
		Debug|Any CPU = Debug|Any CPU
		Release|Any CPU = Release|Any CPU
	EndGlobalSection
	GlobalSection(ProjectConfigurationPlatforms) = postSolution
		{A2794B30-62D2-4AB3-B0E3-F9C94CD6A38D}.Debug|Any CPU.ActiveCfg = Debug|Any CPU
		{A2794B30-62D2-4AB3-B0E3-F9C94CD6A38D}.Debug|Any CPU.Build.0 = Debug|Any CPU
		{A2794B30-62D2-4AB3-B0E3-F9C94CD6A38D}.Release|Any CPU.ActiveCfg = Release|Any CPU
		{A2794B30-62D2-4AB3-B0E3-F9C94CD6A38D}.Release|Any CPU.Build.0 = Release|Any CPU
	EndGlobalSection
	GlobalSection(SolutionProperties) = preSolution
		HideSolutionNode = FALSE
	EndGlobalSection
	GlobalSection(ExtensibilityGlobals) = postSolution
		SolutionGuid = {97E0CEF5-1AC8-4B0B-8C5C-B5CD16712415}
	EndGlobalSection
EndGlobal
